
Microsoft Visual Studio Solution File, Format Version 12.00
# Visual Studio Version 17
VisualStudioVersion = 17.9.34701.34
MinimumVisualStudioVersion = 10.0.40219.1
Project("{9A19103F-16F7-4668-BE54-9A1E7A4F7556}") = "Providers", "Providers.csproj", "{7EAF8A5D-D69F-452E-82D5-16B09BD9EF94}"
EndProject
Project("{2150E333-8FDC-42A3-9474-1A3956D46DE8}") = "Testing", "Testing", "{168A4D84-3C99-425D-AEA6-A1158A2B628A}"
EndProject
Project("{2150E333-8FDC-42A3-9474-1A3956D46DE8}") = "Unit", "Unit", "{17E99258-CACC-44DC-A1F7-9EB654D77448}"
EndProject
Project("{FAE04EC0-301F-11D3-BF4B-00C04F79EFBC}") = "ProvidersTests", "..\Testing\Unit\ProvidersTests\ProvidersTests.csproj", "{07DAFD55-62E5-4278-9FD7-5ECA82ABB1EC}"
EndProject
Project("{2150E333-8FDC-42A3-9474-1A3956D46DE8}") = "Core", "Core", "{40F763A1-70FC-476C-9FA5-E6EBA34A1212}"
EndProject
Project("{FAE04EC0-301F-11D3-BF4B-00C04F79EFBC}") = "ValueObjects", "..\Core\ValueObjects\ValueObjects.csproj", "{5F302E69-782C-4A77-92E1-9DBA2497388B}"
EndProject
Project("{2150E333-8FDC-42A3-9474-1A3956D46DE8}") = "Testing", "Testing", "{62A5977F-61BC-42DA-BB0E-BD0D957AFAF8}"
EndProject
Project("{2150E333-8FDC-42A3-9474-1A3956D46DE8}") = "Unit", "Unit", "{28999BCF-7BA2-444F-8D07-FEF99B423003}"
EndProject
Project("{FAE04EC0-301F-11D3-BF4B-00C04F79EFBC}") = "ValueObjectsTests", "..\Core\Testing\Unit\ValueObjectsTests\ValueObjectsTests.csproj", "{FA52182B-D111-4749-9727-74A129876E18}"
EndProject
Global
	GlobalSection(SolutionConfigurationPlatforms) = preSolution
		Debug|Any CPU = Debug|Any CPU
		Release|Any CPU = Release|Any CPU
	EndGlobalSection
	GlobalSection(ProjectConfigurationPlatforms) = postSolution
		{7EAF8A5D-D69F-452E-82D5-16B09BD9EF94}.Debug|Any CPU.ActiveCfg = Debug|Any CPU
		{7EAF8A5D-D69F-452E-82D5-16B09BD9EF94}.Debug|Any CPU.Build.0 = Debug|Any CPU
		{7EAF8A5D-D69F-452E-82D5-16B09BD9EF94}.Release|Any CPU.ActiveCfg = Release|Any CPU
		{7EAF8A5D-D69F-452E-82D5-16B09BD9EF94}.Release|Any CPU.Build.0 = Release|Any CPU
		{07DAFD55-62E5-4278-9FD7-5ECA82ABB1EC}.Debug|Any CPU.ActiveCfg = Debug|Any CPU
		{07DAFD55-62E5-4278-9FD7-5ECA82ABB1EC}.Debug|Any CPU.Build.0 = Debug|Any CPU
		{07DAFD55-62E5-4278-9FD7-5ECA82ABB1EC}.Release|Any CPU.ActiveCfg = Release|Any CPU
		{07DAFD55-62E5-4278-9FD7-5ECA82ABB1EC}.Release|Any CPU.Build.0 = Release|Any CPU
		{5F302E69-782C-4A77-92E1-9DBA2497388B}.Debug|Any CPU.ActiveCfg = Debug|Any CPU
		{5F302E69-782C-4A77-92E1-9DBA2497388B}.Debug|Any CPU.Build.0 = Debug|Any CPU
		{5F302E69-782C-4A77-92E1-9DBA2497388B}.Release|Any CPU.ActiveCfg = Release|Any CPU
		{5F302E69-782C-4A77-92E1-9DBA2497388B}.Release|Any CPU.Build.0 = Release|Any CPU
		{FA52182B-D111-4749-9727-74A129876E18}.Debug|Any CPU.ActiveCfg = Debug|Any CPU
		{FA52182B-D111-4749-9727-74A129876E18}.Debug|Any CPU.Build.0 = Debug|Any CPU
		{FA52182B-D111-4749-9727-74A129876E18}.Release|Any CPU.ActiveCfg = Release|Any CPU
		{FA52182B-D111-4749-9727-74A129876E18}.Release|Any CPU.Build.0 = Release|Any CPU
	EndGlobalSection
	GlobalSection(SolutionProperties) = preSolution
		HideSolutionNode = FALSE
	EndGlobalSection
	GlobalSection(NestedProjects) = preSolution
		{17E99258-CACC-44DC-A1F7-9EB654D77448} = {168A4D84-3C99-425D-AEA6-A1158A2B628A}
		{07DAFD55-62E5-4278-9FD7-5ECA82ABB1EC} = {17E99258-CACC-44DC-A1F7-9EB654D77448}
		{5F302E69-782C-4A77-92E1-9DBA2497388B} = {40F763A1-70FC-476C-9FA5-E6EBA34A1212}
		{62A5977F-61BC-42DA-BB0E-BD0D957AFAF8} = {40F763A1-70FC-476C-9FA5-E6EBA34A1212}
		{28999BCF-7BA2-444F-8D07-FEF99B423003} = {62A5977F-61BC-42DA-BB0E-BD0D957AFAF8}
		{FA52182B-D111-4749-9727-74A129876E18} = {28999BCF-7BA2-444F-8D07-FEF99B423003}
	EndGlobalSection
	GlobalSection(ExtensibilityGlobals) = postSolution
		SolutionGuid = {DCA850E0-19B6-40DD-AC04-04916297E0FD}
	EndGlobalSection
EndGlobal
